
Microsoft Visual Studio Solution File, Format Version 12.00
# Visual Studio Version 16
VisualStudioVersion = 16.0.30907.101
MinimumVisualStudioVersion = 10.0.40219.1
Project("{FAE04EC0-301F-11D3-BF4B-00C04F79EFBC}") = "LHelper.DataAccess", "LHelper.DataAccess\LHelper.DataAccess.csproj", "{77F3D589-18FA-4005-A1F9-58955C25F625}"
EndProject
Project("{FAE04EC0-301F-11D3-BF4B-00C04F79EFBC}") = "LHelper.Models", "LHelper.Models\LHelper.Models.csproj", "{3C8B35AD-785B-4FA5-AE68-C34794FDCF9A}"
EndProject
Global
	GlobalSection(SolutionConfigurationPlatforms) = preSolution
		Debug|Any CPU = Debug|Any CPU
		Release|Any CPU = Release|Any CPU
	EndGlobalSection
	GlobalSection(ProjectConfigurationPlatforms) = postSolution
		{77F3D589-18FA-4005-A1F9-58955C25F625}.Debug|Any CPU.ActiveCfg = Debug|Any CPU
		{77F3D589-18FA-4005-A1F9-58955C25F625}.Debug|Any CPU.Build.0 = Debug|Any CPU
		{77F3D589-18FA-4005-A1F9-58955C25F625}.Release|Any CPU.ActiveCfg = Release|Any CPU
		{77F3D589-18FA-4005-A1F9-58955C25F625}.Release|Any CPU.Build.0 = Release|Any CPU
		{3C8B35AD-785B-4FA5-AE68-C34794FDCF9A}.Debug|Any CPU.ActiveCfg = Debug|Any CPU
		{3C8B35AD-785B-4FA5-AE68-C34794FDCF9A}.Debug|Any CPU.Build.0 = Debug|Any CPU
		{3C8B35AD-785B-4FA5-AE68-C34794FDCF9A}.Release|Any CPU.ActiveCfg = Release|Any CPU
		{3C8B35AD-785B-4FA5-AE68-C34794FDCF9A}.Release|Any CPU.Build.0 = Release|Any CPU
	EndGlobalSection
	GlobalSection(SolutionProperties) = preSolution
		HideSolutionNode = FALSE
	EndGlobalSection
	GlobalSection(ExtensibilityGlobals) = postSolution
		SolutionGuid = {C046AE35-66BA-4F4D-A9C2-C44ABD34497B}
	EndGlobalSection
EndGlobal
